// !$*UTF8*$!
{
	archiveVersion = 1;
	classes = {
	};
	objectVersion = 56;
	objects = {

/* Begin PBXBuildFile section */
		CD17FB3329099FFE006CA54A /* BeaconDetailsViewController.swift in Sources */ = {isa = PBXBuildFile; fileRef = CD17FB3229099FFE006CA54A /* BeaconDetailsViewController.swift */; };
		CD17FB352909AFC8006CA54A /* CustomCell.swift in Sources */ = {isa = PBXBuildFile; fileRef = CD17FB342909AFC8006CA54A /* CustomCell.swift */; };
		CD2C7A812909D83F0005020D /* EventModel.swift in Sources */ = {isa = PBXBuildFile; fileRef = CD2C7A802909D83F0005020D /* EventModel.swift */; };
		CD2C7A842909D8D70005020D /* CLBeacon+Ext.swift in Sources */ = {isa = PBXBuildFile; fileRef = CD2C7A832909D8D70005020D /* CLBeacon+Ext.swift */; };
		CD2C7A862909E4F70005020D /* BeaconContactsSummary.swift in Sources */ = {isa = PBXBuildFile; fileRef = CD2C7A852909E4F70005020D /* BeaconContactsSummary.swift */; };
		CD2C7A88290A650D0005020D /* LosslessStringConvertible.swift in Sources */ = {isa = PBXBuildFile; fileRef = CD2C7A87290A650D0005020D /* LosslessStringConvertible.swift */; };
		CD8F6714291242510001AFAE /* LocationError.swift in Sources */ = {isa = PBXBuildFile; fileRef = CD8F6713291242510001AFAE /* LocationError.swift */; };
		CD8F6717291244D80001AFAE /* BeaconManager+Delegates.swift in Sources */ = {isa = PBXBuildFile; fileRef = CD8F6716291244D80001AFAE /* BeaconManager+Delegates.swift */; };
		CDA4ADD22909915100E66B09 /* AppDelegate.swift in Sources */ = {isa = PBXBuildFile; fileRef = CDA4ADD12909915100E66B09 /* AppDelegate.swift */; };
		CDA4ADD42909915100E66B09 /* SceneDelegate.swift in Sources */ = {isa = PBXBuildFile; fileRef = CDA4ADD32909915100E66B09 /* SceneDelegate.swift */; };
		CDA4ADD62909915100E66B09 /* BeaconListViewController.swift in Sources */ = {isa = PBXBuildFile; fileRef = CDA4ADD52909915100E66B09 /* BeaconListViewController.swift */; };
		CDA4ADDB2909915200E66B09 /* Assets.xcassets in Resources */ = {isa = PBXBuildFile; fileRef = CDA4ADDA2909915200E66B09 /* Assets.xcassets */; };
		CDA4ADDE2909915200E66B09 /* LaunchScreen.storyboard in Resources */ = {isa = PBXBuildFile; fileRef = CDA4ADDC2909915200E66B09 /* LaunchScreen.storyboard */; };
		CDA4ADE92909915200E66B09 /* beacon_iosTests.swift in Sources */ = {isa = PBXBuildFile; fileRef = CDA4ADE82909915200E66B09 /* beacon_iosTests.swift */; };
		CDA4ADF32909915200E66B09 /* beacon_iosUITests.swift in Sources */ = {isa = PBXBuildFile; fileRef = CDA4ADF22909915200E66B09 /* beacon_iosUITests.swift */; };
		CDA4ADF52909915200E66B09 /* beacon_iosUITestsLaunchTests.swift in Sources */ = {isa = PBXBuildFile; fileRef = CDA4ADF42909915200E66B09 /* beacon_iosUITestsLaunchTests.swift */; };
		CDA4AE04290993E900E66B09 /* BeaconListPresenterImp.swift in Sources */ = {isa = PBXBuildFile; fileRef = CDA4AE03290993E900E66B09 /* BeaconListPresenterImp.swift */; };
		CDA4AE072909945D00E66B09 /* Beacon.swift in Sources */ = {isa = PBXBuildFile; fileRef = CDA4AE062909945D00E66B09 /* Beacon.swift */; };
		CDA4AE0A2909950900E66B09 /* BeaconStorageManager.swift in Sources */ = {isa = PBXBuildFile; fileRef = CDA4AE092909950900E66B09 /* BeaconStorageManager.swift */; };
		CDA4AE0D2909964200E66B09 /* BeaconManager.swift in Sources */ = {isa = PBXBuildFile; fileRef = CDA4AE0C2909964200E66B09 /* BeaconManager.swift */; };
		CDDC4430291693460012A975 /* Coordinator.swift in Sources */ = {isa = PBXBuildFile; fileRef = CDDC442F291693460012A975 /* Coordinator.swift */; };
		CDDC4432291693850012A975 /* MainCoordinator.swift in Sources */ = {isa = PBXBuildFile; fileRef = CDDC4431291693850012A975 /* MainCoordinator.swift */; };
		CDDC443429169FA40012A975 /* DetailCoordinator.swift in Sources */ = {isa = PBXBuildFile; fileRef = CDDC443329169FA40012A975 /* DetailCoordinator.swift */; };
/* End PBXBuildFile section */

/* Begin PBXContainerItemProxy section */
		CDA4ADE52909915200E66B09 /* PBXContainerItemProxy */ = {
			isa = PBXContainerItemProxy;
			containerPortal = CDA4ADC62909915100E66B09 /* Project object */;
			proxyType = 1;
			remoteGlobalIDString = CDA4ADCD2909915100E66B09;
			remoteInfo = beacon_ios;
		};
		CDA4ADEF2909915200E66B09 /* PBXContainerItemProxy */ = {
			isa = PBXContainerItemProxy;
			containerPortal = CDA4ADC62909915100E66B09 /* Project object */;
			proxyType = 1;
			remoteGlobalIDString = CDA4ADCD2909915100E66B09;
			remoteInfo = beacon_ios;
		};
/* End PBXContainerItemProxy section */

/* Begin PBXFileReference section */
		CD17FB3229099FFE006CA54A /* BeaconDetailsViewController.swift */ = {isa = PBXFileReference; lastKnownFileType = sourcecode.swift; path = BeaconDetailsViewController.swift; sourceTree = "<group>"; };
		CD17FB342909AFC8006CA54A /* CustomCell.swift */ = {isa = PBXFileReference; lastKnownFileType = sourcecode.swift; path = CustomCell.swift; sourceTree = "<group>"; };
		CD2C7A802909D83F0005020D /* EventModel.swift */ = {isa = PBXFileReference; lastKnownFileType = sourcecode.swift; path = EventModel.swift; sourceTree = "<group>"; };
		CD2C7A832909D8D70005020D /* CLBeacon+Ext.swift */ = {isa = PBXFileReference; lastKnownFileType = sourcecode.swift; path = "CLBeacon+Ext.swift"; sourceTree = "<group>"; };
		CD2C7A852909E4F70005020D /* BeaconContactsSummary.swift */ = {isa = PBXFileReference; lastKnownFileType = sourcecode.swift; path = BeaconContactsSummary.swift; sourceTree = "<group>"; };
		CD2C7A87290A650D0005020D /* LosslessStringConvertible.swift */ = {isa = PBXFileReference; lastKnownFileType = sourcecode.swift; path = LosslessStringConvertible.swift; sourceTree = "<group>"; };
		CD8F6713291242510001AFAE /* LocationError.swift */ = {isa = PBXFileReference; lastKnownFileType = sourcecode.swift; path = LocationError.swift; sourceTree = "<group>"; };
		CD8F6716291244D80001AFAE /* BeaconManager+Delegates.swift */ = {isa = PBXFileReference; lastKnownFileType = sourcecode.swift; path = "BeaconManager+Delegates.swift"; sourceTree = "<group>"; };
		CDA4ADCE2909915100E66B09 /* beacon_ios.app */ = {isa = PBXFileReference; explicitFileType = wrapper.application; includeInIndex = 0; path = beacon_ios.app; sourceTree = BUILT_PRODUCTS_DIR; };
		CDA4ADD12909915100E66B09 /* AppDelegate.swift */ = {isa = PBXFileReference; lastKnownFileType = sourcecode.swift; path = AppDelegate.swift; sourceTree = "<group>"; };
		CDA4ADD32909915100E66B09 /* SceneDelegate.swift */ = {isa = PBXFileReference; lastKnownFileType = sourcecode.swift; path = SceneDelegate.swift; sourceTree = "<group>"; };
		CDA4ADD52909915100E66B09 /* BeaconListViewController.swift */ = {isa = PBXFileReference; lastKnownFileType = sourcecode.swift; path = BeaconListViewController.swift; sourceTree = "<group>"; };
		CDA4ADDA2909915200E66B09 /* Assets.xcassets */ = {isa = PBXFileReference; lastKnownFileType = folder.assetcatalog; path = Assets.xcassets; sourceTree = "<group>"; };
		CDA4ADDD2909915200E66B09 /* Base */ = {isa = PBXFileReference; lastKnownFileType = file.storyboard; name = Base; path = Base.lproj/LaunchScreen.storyboard; sourceTree = "<group>"; };
		CDA4ADDF2909915200E66B09 /* Info.plist */ = {isa = PBXFileReference; lastKnownFileType = text.plist.xml; path = Info.plist; sourceTree = "<group>"; };
		CDA4ADE42909915200E66B09 /* beacon_iosTests.xctest */ = {isa = PBXFileReference; explicitFileType = wrapper.cfbundle; includeInIndex = 0; path = beacon_iosTests.xctest; sourceTree = BUILT_PRODUCTS_DIR; };
		CDA4ADE82909915200E66B09 /* beacon_iosTests.swift */ = {isa = PBXFileReference; lastKnownFileType = sourcecode.swift; path = beacon_iosTests.swift; sourceTree = "<group>"; };
		CDA4ADEE2909915200E66B09 /* beacon_iosUITests.xctest */ = {isa = PBXFileReference; explicitFileType = wrapper.cfbundle; includeInIndex = 0; path = beacon_iosUITests.xctest; sourceTree = BUILT_PRODUCTS_DIR; };
		CDA4ADF22909915200E66B09 /* beacon_iosUITests.swift */ = {isa = PBXFileReference; lastKnownFileType = sourcecode.swift; path = beacon_iosUITests.swift; sourceTree = "<group>"; };
		CDA4ADF42909915200E66B09 /* beacon_iosUITestsLaunchTests.swift */ = {isa = PBXFileReference; lastKnownFileType = sourcecode.swift; path = beacon_iosUITestsLaunchTests.swift; sourceTree = "<group>"; };
		CDA4AE03290993E900E66B09 /* BeaconListPresenterImp.swift */ = {isa = PBXFileReference; lastKnownFileType = sourcecode.swift; path = BeaconListPresenterImp.swift; sourceTree = "<group>"; };
		CDA4AE062909945D00E66B09 /* Beacon.swift */ = {isa = PBXFileReference; lastKnownFileType = sourcecode.swift; path = Beacon.swift; sourceTree = "<group>"; };
		CDA4AE092909950900E66B09 /* BeaconStorageManager.swift */ = {isa = PBXFileReference; lastKnownFileType = sourcecode.swift; path = BeaconStorageManager.swift; sourceTree = "<group>"; };
		CDA4AE0C2909964200E66B09 /* BeaconManager.swift */ = {isa = PBXFileReference; lastKnownFileType = sourcecode.swift; path = BeaconManager.swift; sourceTree = "<group>"; };
		CDDC442F291693460012A975 /* Coordinator.swift */ = {isa = PBXFileReference; lastKnownFileType = sourcecode.swift; path = Coordinator.swift; sourceTree = "<group>"; };
		CDDC4431291693850012A975 /* MainCoordinator.swift */ = {isa = PBXFileReference; lastKnownFileType = sourcecode.swift; path = MainCoordinator.swift; sourceTree = "<group>"; };
		CDDC443329169FA40012A975 /* DetailCoordinator.swift */ = {isa = PBXFileReference; lastKnownFileType = sourcecode.swift; path = DetailCoordinator.swift; sourceTree = "<group>"; };
/* End PBXFileReference section */

/* Begin PBXFrameworksBuildPhase section */
		CDA4ADCB2909915100E66B09 /* Frameworks */ = {
			isa = PBXFrameworksBuildPhase;
			buildActionMask = 2147483647;
			files = (
			);
			runOnlyForDeploymentPostprocessing = 0;
		};
		CDA4ADE12909915200E66B09 /* Frameworks */ = {
			isa = PBXFrameworksBuildPhase;
			buildActionMask = 2147483647;
			files = (
			);
			runOnlyForDeploymentPostprocessing = 0;
		};
		CDA4ADEB2909915200E66B09 /* Frameworks */ = {
			isa = PBXFrameworksBuildPhase;
			buildActionMask = 2147483647;
			files = (
			);
			runOnlyForDeploymentPostprocessing = 0;
		};
/* End PBXFrameworksBuildPhase section */

/* Begin PBXGroup section */
		CD2C7A822909D8B20005020D /* Extensions */ = {
			isa = PBXGroup;
			children = (
				CD2C7A832909D8D70005020D /* CLBeacon+Ext.swift */,
				CD2C7A87290A650D0005020D /* LosslessStringConvertible.swift */,
			);
			path = Extensions;
			sourceTree = "<group>";
		};
		CD8F6712291242410001AFAE /* Errors */ = {
			isa = PBXGroup;
			children = (
				CD8F6713291242510001AFAE /* LocationError.swift */,
			);
			path = Errors;
			sourceTree = "<group>";
		};
		CDA4ADC52909915100E66B09 = {
			isa = PBXGroup;
			children = (
				CDA4ADD02909915100E66B09 /* beacon_ios */,
				CDA4ADE72909915200E66B09 /* beacon_iosTests */,
				CDA4ADF12909915200E66B09 /* beacon_iosUITests */,
				CDA4ADCF2909915100E66B09 /* Products */,
			);
			sourceTree = "<group>";
		};
		CDA4ADCF2909915100E66B09 /* Products */ = {
			isa = PBXGroup;
			children = (
				CDA4ADCE2909915100E66B09 /* beacon_ios.app */,
				CDA4ADE42909915200E66B09 /* beacon_iosTests.xctest */,
				CDA4ADEE2909915200E66B09 /* beacon_iosUITests.xctest */,
			);
			name = Products;
			sourceTree = "<group>";
		};
		CDA4ADD02909915100E66B09 /* beacon_ios */ = {
			isa = PBXGroup;
			children = (
				CDDC442E2916933A0012A975 /* Coordinators */,
				CD8F6712291242410001AFAE /* Errors */,
				CD2C7A822909D8B20005020D /* Extensions */,
				CDA4AE0B2909963200E66B09 /* Managers */,
				CDA4AE08290994FB00E66B09 /* Storage */,
				CDA4AE052909942800E66B09 /* Models */,
				CDA4AE02290993C800E66B09 /* Presenters */,
				CDA4AE01290993B800E66B09 /* ViewControllers */,
				CDA4ADD12909915100E66B09 /* AppDelegate.swift */,
				CDA4ADD32909915100E66B09 /* SceneDelegate.swift */,
				CDA4ADDA2909915200E66B09 /* Assets.xcassets */,
				CDA4ADDC2909915200E66B09 /* LaunchScreen.storyboard */,
				CDA4ADDF2909915200E66B09 /* Info.plist */,
				CD17FB342909AFC8006CA54A /* CustomCell.swift */,
			);
			path = beacon_ios;
			sourceTree = "<group>";
		};
		CDA4ADE72909915200E66B09 /* beacon_iosTests */ = {
			isa = PBXGroup;
			children = (
				CDA4ADE82909915200E66B09 /* beacon_iosTests.swift */,
			);
			path = beacon_iosTests;
			sourceTree = "<group>";
		};
		CDA4ADF12909915200E66B09 /* beacon_iosUITests */ = {
			isa = PBXGroup;
			children = (
				CDA4ADF22909915200E66B09 /* beacon_iosUITests.swift */,
				CDA4ADF42909915200E66B09 /* beacon_iosUITestsLaunchTests.swift */,
			);
			path = beacon_iosUITests;
			sourceTree = "<group>";
		};
		CDA4AE01290993B800E66B09 /* ViewControllers */ = {
			isa = PBXGroup;
			children = (
				CDA4ADD52909915100E66B09 /* BeaconListViewController.swift */,
				CD17FB3229099FFE006CA54A /* BeaconDetailsViewController.swift */,
			);
			path = ViewControllers;
			sourceTree = "<group>";
		};
		CDA4AE02290993C800E66B09 /* Presenters */ = {
			isa = PBXGroup;
			children = (
				CDA4AE03290993E900E66B09 /* BeaconListPresenterImp.swift */,
			);
			path = Presenters;
			sourceTree = "<group>";
		};
		CDA4AE052909942800E66B09 /* Models */ = {
			isa = PBXGroup;
			children = (
				CDA4AE062909945D00E66B09 /* Beacon.swift */,
				CD2C7A802909D83F0005020D /* EventModel.swift */,
				CD2C7A852909E4F70005020D /* BeaconContactsSummary.swift */,
			);
			path = Models;
			sourceTree = "<group>";
		};
		CDA4AE08290994FB00E66B09 /* Storage */ = {
			isa = PBXGroup;
			children = (
				CDA4AE092909950900E66B09 /* BeaconStorageManager.swift */,
			);
			path = Storage;
			sourceTree = "<group>";
		};
		CDA4AE0B2909963200E66B09 /* Managers */ = {
			isa = PBXGroup;
			children = (
				CDA4AE0C2909964200E66B09 /* BeaconManager.swift */,
				CD8F6716291244D80001AFAE /* BeaconManager+Delegates.swift */,
			);
			path = Managers;
			sourceTree = "<group>";
		};
		CDDC442E2916933A0012A975 /* Coordinators */ = {
			isa = PBXGroup;
			children = (
				CDDC442F291693460012A975 /* Coordinator.swift */,
				CDDC4431291693850012A975 /* MainCoordinator.swift */,
				CDDC443329169FA40012A975 /* DetailCoordinator.swift */,
			);
			path = Coordinators;
			sourceTree = "<group>";
		};
/* End PBXGroup section */

/* Begin PBXNativeTarget section */
		CDA4ADCD2909915100E66B09 /* beacon_ios */ = {
			isa = PBXNativeTarget;
			buildConfigurationList = CDA4ADF82909915200E66B09 /* Build configuration list for PBXNativeTarget "beacon_ios" */;
			buildPhases = (
				CDA4ADCA2909915100E66B09 /* Sources */,
				CDA4ADCB2909915100E66B09 /* Frameworks */,
				CDA4ADCC2909915100E66B09 /* Resources */,
			);
			buildRules = (
			);
			dependencies = (
			);
			name = beacon_ios;
			productName = beacon_ios;
			productReference = CDA4ADCE2909915100E66B09 /* beacon_ios.app */;
			productType = "com.apple.product-type.application";
		};
		CDA4ADE32909915200E66B09 /* beacon_iosTests */ = {
			isa = PBXNativeTarget;
			buildConfigurationList = CDA4ADFB2909915200E66B09 /* Build configuration list for PBXNativeTarget "beacon_iosTests" */;
			buildPhases = (
				CDA4ADE02909915200E66B09 /* Sources */,
				CDA4ADE12909915200E66B09 /* Frameworks */,
				CDA4ADE22909915200E66B09 /* Resources */,
			);
			buildRules = (
			);
			dependencies = (
				CDA4ADE62909915200E66B09 /* PBXTargetDependency */,
			);
			name = beacon_iosTests;
			productName = beacon_iosTests;
			productReference = CDA4ADE42909915200E66B09 /* beacon_iosTests.xctest */;
			productType = "com.apple.product-type.bundle.unit-test";
		};
		CDA4ADED2909915200E66B09 /* beacon_iosUITests */ = {
			isa = PBXNativeTarget;
			buildConfigurationList = CDA4ADFE2909915200E66B09 /* Build configuration list for PBXNativeTarget "beacon_iosUITests" */;
			buildPhases = (
				CDA4ADEA2909915200E66B09 /* Sources */,
				CDA4ADEB2909915200E66B09 /* Frameworks */,
				CDA4ADEC2909915200E66B09 /* Resources */,
			);
			buildRules = (
			);
			dependencies = (
				CDA4ADF02909915200E66B09 /* PBXTargetDependency */,
			);
			name = beacon_iosUITests;
			productName = beacon_iosUITests;
			productReference = CDA4ADEE2909915200E66B09 /* beacon_iosUITests.xctest */;
			productType = "com.apple.product-type.bundle.ui-testing";
		};
/* End PBXNativeTarget section */

/* Begin PBXProject section */
		CDA4ADC62909915100E66B09 /* Project object */ = {
			isa = PBXProject;
			attributes = {
				BuildIndependentTargetsInParallel = 1;
				LastSwiftUpdateCheck = 1400;
				LastUpgradeCheck = 1400;
				TargetAttributes = {
					CDA4ADCD2909915100E66B09 = {
						CreatedOnToolsVersion = 14.0.1;
					};
					CDA4ADE32909915200E66B09 = {
						CreatedOnToolsVersion = 14.0.1;
						TestTargetID = CDA4ADCD2909915100E66B09;
					};
					CDA4ADED2909915200E66B09 = {
						CreatedOnToolsVersion = 14.0.1;
						TestTargetID = CDA4ADCD2909915100E66B09;
					};
				};
			};
			buildConfigurationList = CDA4ADC92909915100E66B09 /* Build configuration list for PBXProject "beacon_ios" */;
			compatibilityVersion = "Xcode 14.0";
			developmentRegion = en;
			hasScannedForEncodings = 0;
			knownRegions = (
				en,
				Base,
			);
			mainGroup = CDA4ADC52909915100E66B09;
			productRefGroup = CDA4ADCF2909915100E66B09 /* Products */;
			projectDirPath = "";
			projectRoot = "";
			targets = (
				CDA4ADCD2909915100E66B09 /* beacon_ios */,
				CDA4ADE32909915200E66B09 /* beacon_iosTests */,
				CDA4ADED2909915200E66B09 /* beacon_iosUITests */,
			);
		};
/* End PBXProject section */

/* Begin PBXResourcesBuildPhase section */
		CDA4ADCC2909915100E66B09 /* Resources */ = {
			isa = PBXResourcesBuildPhase;
			buildActionMask = 2147483647;
			files = (
				CDA4ADDE2909915200E66B09 /* LaunchScreen.storyboard in Resources */,
				CDA4ADDB2909915200E66B09 /* Assets.xcassets in Resources */,
			);
			runOnlyForDeploymentPostprocessing = 0;
		};
		CDA4ADE22909915200E66B09 /* Resources */ = {
			isa = PBXResourcesBuildPhase;
			buildActionMask = 2147483647;
			files = (
			);
			runOnlyForDeploymentPostprocessing = 0;
		};
		CDA4ADEC2909915200E66B09 /* Resources */ = {
			isa = PBXResourcesBuildPhase;
			buildActionMask = 2147483647;
			files = (
			);
			runOnlyForDeploymentPostprocessing = 0;
		};
/* End PBXResourcesBuildPhase section */

/* Begin PBXSourcesBuildPhase section */
		CDA4ADCA2909915100E66B09 /* Sources */ = {
			isa = PBXSourcesBuildPhase;
			buildActionMask = 2147483647;
			files = (
				CDDC4432291693850012A975 /* MainCoordinator.swift in Sources */,
				CDDC4430291693460012A975 /* Coordinator.swift in Sources */,
				CD2C7A842909D8D70005020D /* CLBeacon+Ext.swift in Sources */,
				CDDC443429169FA40012A975 /* DetailCoordinator.swift in Sources */,
				CDA4AE04290993E900E66B09 /* BeaconListPresenterImp.swift in Sources */,
				CDA4ADD62909915100E66B09 /* BeaconListViewController.swift in Sources */,
				CDA4AE072909945D00E66B09 /* Beacon.swift in Sources */,
				CD17FB3329099FFE006CA54A /* BeaconDetailsViewController.swift in Sources */,
				CD2C7A812909D83F0005020D /* EventModel.swift in Sources */,
				CD17FB352909AFC8006CA54A /* CustomCell.swift in Sources */,
				CD8F6714291242510001AFAE /* LocationError.swift in Sources */,
				CD2C7A862909E4F70005020D /* BeaconContactsSummary.swift in Sources */,
				CDA4ADD22909915100E66B09 /* AppDelegate.swift in Sources */,
				CDA4ADD42909915100E66B09 /* SceneDelegate.swift in Sources */,
				CD2C7A88290A650D0005020D /* LosslessStringConvertible.swift in Sources */,
				CDA4AE0A2909950900E66B09 /* BeaconStorageManager.swift in Sources */,
				CD8F6717291244D80001AFAE /* BeaconManager+Delegates.swift in Sources */,
				CDA4AE0D2909964200E66B09 /* BeaconManager.swift in Sources */,
			);
			runOnlyForDeploymentPostprocessing = 0;
		};
		CDA4ADE02909915200E66B09 /* Sources */ = {
			isa = PBXSourcesBuildPhase;
			buildActionMask = 2147483647;
			files = (
				CDA4ADE92909915200E66B09 /* beacon_iosTests.swift in Sources */,
			);
			runOnlyForDeploymentPostprocessing = 0;
		};
		CDA4ADEA2909915200E66B09 /* Sources */ = {
			isa = PBXSourcesBuildPhase;
			buildActionMask = 2147483647;
			files = (
				CDA4ADF52909915200E66B09 /* beacon_iosUITestsLaunchTests.swift in Sources */,
				CDA4ADF32909915200E66B09 /* beacon_iosUITests.swift in Sources */,
			);
			runOnlyForDeploymentPostprocessing = 0;
		};
/* End PBXSourcesBuildPhase section */

/* Begin PBXTargetDependency section */
		CDA4ADE62909915200E66B09 /* PBXTargetDependency */ = {
			isa = PBXTargetDependency;
			target = CDA4ADCD2909915100E66B09 /* beacon_ios */;
			targetProxy = CDA4ADE52909915200E66B09 /* PBXContainerItemProxy */;
		};
		CDA4ADF02909915200E66B09 /* PBXTargetDependency */ = {
			isa = PBXTargetDependency;
			target = CDA4ADCD2909915100E66B09 /* beacon_ios */;
			targetProxy = CDA4ADEF2909915200E66B09 /* PBXContainerItemProxy */;
		};
/* End PBXTargetDependency section */

/* Begin PBXVariantGroup section */
		CDA4ADDC2909915200E66B09 /* LaunchScreen.storyboard */ = {
			isa = PBXVariantGroup;
			children = (
				CDA4ADDD2909915200E66B09 /* Base */,
			);
			name = LaunchScreen.storyboard;
			sourceTree = "<group>";
		};
/* End PBXVariantGroup section */

/* Begin XCBuildConfiguration section */
		CDA4ADF62909915200E66B09 /* Debug */ = {
			isa = XCBuildConfiguration;
			buildSettings = {
				ALWAYS_SEARCH_USER_PATHS = NO;
				CLANG_ANALYZER_NONNULL = YES;
				CLANG_ANALYZER_NUMBER_OBJECT_CONVERSION = YES_AGGRESSIVE;
				CLANG_CXX_LANGUAGE_STANDARD = "gnu++20";
				CLANG_ENABLE_MODULES = YES;
				CLANG_ENABLE_OBJC_ARC = YES;
				CLANG_ENABLE_OBJC_WEAK = YES;
				CLANG_WARN_BLOCK_CAPTURE_AUTORELEASING = YES;
				CLANG_WARN_BOOL_CONVERSION = YES;
				CLANG_WARN_COMMA = YES;
				CLANG_WARN_CONSTANT_CONVERSION = YES;
				CLANG_WARN_DEPRECATED_OBJC_IMPLEMENTATIONS = YES;
				CLANG_WARN_DIRECT_OBJC_ISA_USAGE = YES_ERROR;
				CLANG_WARN_DOCUMENTATION_COMMENTS = YES;
				CLANG_WARN_EMPTY_BODY = YES;
				CLANG_WARN_ENUM_CONVERSION = YES;
				CLANG_WARN_INFINITE_RECURSION = YES;
				CLANG_WARN_INT_CONVERSION = YES;
				CLANG_WARN_NON_LITERAL_NULL_CONVERSION = YES;
				CLANG_WARN_OBJC_IMPLICIT_RETAIN_SELF = YES;
				CLANG_WARN_OBJC_LITERAL_CONVERSION = YES;
				CLANG_WARN_OBJC_ROOT_CLASS = YES_ERROR;
				CLANG_WARN_QUOTED_INCLUDE_IN_FRAMEWORK_HEADER = YES;
				CLANG_WARN_RANGE_LOOP_ANALYSIS = YES;
				CLANG_WARN_STRICT_PROTOTYPES = YES;
				CLANG_WARN_SUSPICIOUS_MOVE = YES;
				CLANG_WARN_UNGUARDED_AVAILABILITY = YES_AGGRESSIVE;
				CLANG_WARN_UNREACHABLE_CODE = YES;
				CLANG_WARN__DUPLICATE_METHOD_MATCH = YES;
				COPY_PHASE_STRIP = NO;
				DEBUG_INFORMATION_FORMAT = dwarf;
				ENABLE_STRICT_OBJC_MSGSEND = YES;
				ENABLE_TESTABILITY = YES;
				GCC_C_LANGUAGE_STANDARD = gnu11;
				GCC_DYNAMIC_NO_PIC = NO;
				GCC_NO_COMMON_BLOCKS = YES;
				GCC_OPTIMIZATION_LEVEL = 0;
				GCC_PREPROCESSOR_DEFINITIONS = (
					"DEBUG=1",
					"$(inherited)",
				);
				GCC_WARN_64_TO_32_BIT_CONVERSION = YES;
				GCC_WARN_ABOUT_RETURN_TYPE = YES_ERROR;
				GCC_WARN_UNDECLARED_SELECTOR = YES;
				GCC_WARN_UNINITIALIZED_AUTOS = YES_AGGRESSIVE;
				GCC_WARN_UNUSED_FUNCTION = YES;
				GCC_WARN_UNUSED_VARIABLE = YES;
				IPHONEOS_DEPLOYMENT_TARGET = 14.0;
				MTL_ENABLE_DEBUG_INFO = INCLUDE_SOURCE;
				MTL_FAST_MATH = YES;
				ONLY_ACTIVE_ARCH = YES;
				SDKROOT = iphoneos;
				SWIFT_ACTIVE_COMPILATION_CONDITIONS = DEBUG;
				SWIFT_OPTIMIZATION_LEVEL = "-Onone";
			};
			name = Debug;
		};
		CDA4ADF72909915200E66B09 /* Release */ = {
			isa = XCBuildConfiguration;
			buildSettings = {
				ALWAYS_SEARCH_USER_PATHS = NO;
				CLANG_ANALYZER_NONNULL = YES;
				CLANG_ANALYZER_NUMBER_OBJECT_CONVERSION = YES_AGGRESSIVE;
				CLANG_CXX_LANGUAGE_STANDARD = "gnu++20";
				CLANG_ENABLE_MODULES = YES;
				CLANG_ENABLE_OBJC_ARC = YES;
				CLANG_ENABLE_OBJC_WEAK = YES;
				CLANG_WARN_BLOCK_CAPTURE_AUTORELEASING = YES;
				CLANG_WARN_BOOL_CONVERSION = YES;
				CLANG_WARN_COMMA = YES;
				CLANG_WARN_CONSTANT_CONVERSION = YES;
				CLANG_WARN_DEPRECATED_OBJC_IMPLEMENTATIONS = YES;
				CLANG_WARN_DIRECT_OBJC_ISA_USAGE = YES_ERROR;
				CLANG_WARN_DOCUMENTATION_COMMENTS = YES;
				CLANG_WARN_EMPTY_BODY = YES;
				CLANG_WARN_ENUM_CONVERSION = YES;
				CLANG_WARN_INFINITE_RECURSION = YES;
				CLANG_WARN_INT_CONVERSION = YES;
				CLANG_WARN_NON_LITERAL_NULL_CONVERSION = YES;
				CLANG_WARN_OBJC_IMPLICIT_RETAIN_SELF = YES;
				CLANG_WARN_OBJC_LITERAL_CONVERSION = YES;
				CLANG_WARN_OBJC_ROOT_CLASS = YES_ERROR;
				CLANG_WARN_QUOTED_INCLUDE_IN_FRAMEWORK_HEADER = YES;
				CLANG_WARN_RANGE_LOOP_ANALYSIS = YES;
				CLANG_WARN_STRICT_PROTOTYPES = YES;
				CLANG_WARN_SUSPICIOUS_MOVE = YES;
				CLANG_WARN_UNGUARDED_AVAILABILITY = YES_AGGRESSIVE;
				CLANG_WARN_UNREACHABLE_CODE = YES;
				CLANG_WARN__DUPLICATE_METHOD_MATCH = YES;
				COPY_PHASE_STRIP = NO;
				DEBUG_INFORMATION_FORMAT = "dwarf-with-dsym";
				ENABLE_NS_ASSERTIONS = NO;
				ENABLE_STRICT_OBJC_MSGSEND = YES;
				GCC_C_LANGUAGE_STANDARD = gnu11;
				GCC_NO_COMMON_BLOCKS = YES;
				GCC_WARN_64_TO_32_BIT_CONVERSION = YES;
				GCC_WARN_ABOUT_RETURN_TYPE = YES_ERROR;
				GCC_WARN_UNDECLARED_SELECTOR = YES;
				GCC_WARN_UNINITIALIZED_AUTOS = YES_AGGRESSIVE;
				GCC_WARN_UNUSED_FUNCTION = YES;
				GCC_WARN_UNUSED_VARIABLE = YES;
				IPHONEOS_DEPLOYMENT_TARGET = 14.0;
				MTL_ENABLE_DEBUG_INFO = NO;
				MTL_FAST_MATH = YES;
				SDKROOT = iphoneos;
				SWIFT_COMPILATION_MODE = wholemodule;
				SWIFT_OPTIMIZATION_LEVEL = "-O";
				VALIDATE_PRODUCT = YES;
			};
			name = Release;
		};
		CDA4ADF92909915200E66B09 /* Debug */ = {
			isa = XCBuildConfiguration;
			buildSettings = {
				ASSETCATALOG_COMPILER_APPICON_NAME = AppIcon;
				ASSETCATALOG_COMPILER_GLOBAL_ACCENT_COLOR_NAME = AccentColor;
				CODE_SIGN_STYLE = Automatic;
				CURRENT_PROJECT_VERSION = 1;
				DEVELOPMENT_TEAM = 8F2HEPF2DN;
				GENERATE_INFOPLIST_FILE = YES;
				INFOPLIST_FILE = beacon_ios/Info.plist;
				INFOPLIST_KEY_UIApplicationSupportsIndirectInputEvents = YES;
				INFOPLIST_KEY_UILaunchStoryboardName = LaunchScreen;
				INFOPLIST_KEY_UISupportedInterfaceOrientations_iPad = "UIInterfaceOrientationPortrait UIInterfaceOrientationPortraitUpsideDown UIInterfaceOrientationLandscapeLeft UIInterfaceOrientationLandscapeRight";
				INFOPLIST_KEY_UISupportedInterfaceOrientations_iPhone = "UIInterfaceOrientationPortrait UIInterfaceOrientationLandscapeLeft UIInterfaceOrientationLandscapeRight";
				LD_RUNPATH_SEARCH_PATHS = (
					"$(inherited)",
					"@executable_path/Frameworks",
				);
				MARKETING_VERSION = 1.0;
				PRODUCT_BUNDLE_IDENTIFIER = "swift-beacon-ios.beacon-ios";
				PRODUCT_NAME = "$(TARGET_NAME)";
				SWIFT_EMIT_LOC_STRINGS = YES;
				SWIFT_VERSION = 5.0;
				TARGETED_DEVICE_FAMILY = "1,2";
			};
			name = Debug;
		};
		CDA4ADFA2909915200E66B09 /* Release */ = {
			isa = XCBuildConfiguration;
			buildSettings = {
				ASSETCATALOG_COMPILER_APPICON_NAME = AppIcon;
				ASSETCATALOG_COMPILER_GLOBAL_ACCENT_COLOR_NAME = AccentColor;
				CODE_SIGN_STYLE = Automatic;
				CURRENT_PROJECT_VERSION = 1;
				DEVELOPMENT_TEAM = 8F2HEPF2DN;
				GENERATE_INFOPLIST_FILE = YES;
				INFOPLIST_FILE = beacon_ios/Info.plist;
				INFOPLIST_KEY_UIApplicationSupportsIndirectInputEvents = YES;
				INFOPLIST_KEY_UILaunchStoryboardName = LaunchScreen;
				INFOPLIST_KEY_UISupportedInterfaceOrientations_iPad = "UIInterfaceOrientationPortrait UIInterfaceOrientationPortraitUpsideDown UIInterfaceOrientationLandscapeLeft UIInterfaceOrientationLandscapeRight";
				INFOPLIST_KEY_UISupportedInterfaceOrientations_iPhone = "UIInterfaceOrientationPortrait UIInterfaceOrientationLandscapeLeft UIInterfaceOrientationLandscapeRight";
				LD_RUNPATH_SEARCH_PATHS = (
					"$(inherited)",
					"@executable_path/Frameworks",
				);
				MARKETING_VERSION = 1.0;
				PRODUCT_BUNDLE_IDENTIFIER = "swift-beacon-ios.beacon-ios";
				PRODUCT_NAME = "$(TARGET_NAME)";
				SWIFT_EMIT_LOC_STRINGS = YES;
				SWIFT_VERSION = 5.0;
				TARGETED_DEVICE_FAMILY = "1,2";
			};
			name = Release;
		};
		CDA4ADFC2909915200E66B09 /* Debug */ = {
			isa = XCBuildConfiguration;
			buildSettings = {
				ALWAYS_EMBED_SWIFT_STANDARD_LIBRARIES = YES;
				BUNDLE_LOADER = "$(TEST_HOST)";
				CODE_SIGN_STYLE = Automatic;
				CURRENT_PROJECT_VERSION = 1;
				DEVELOPMENT_TEAM = 8F2HEPF2DN;
				GENERATE_INFOPLIST_FILE = YES;
				IPHONEOS_DEPLOYMENT_TARGET = 16.0;
				MARKETING_VERSION = 1.0;
				PRODUCT_BUNDLE_IDENTIFIER = "swift-beacon-ios.beacon-iosTests";
				PRODUCT_NAME = "$(TARGET_NAME)";
				SWIFT_EMIT_LOC_STRINGS = NO;
				SWIFT_VERSION = 5.0;
				TARGETED_DEVICE_FAMILY = "1,2";
				TEST_HOST = "$(BUILT_PRODUCTS_DIR)/beacon_ios.app/$(BUNDLE_EXECUTABLE_FOLDER_PATH)/beacon_ios";
			};
			name = Debug;
		};
		CDA4ADFD2909915200E66B09 /* Release */ = {
			isa = XCBuildConfiguration;
			buildSettings = {
				ALWAYS_EMBED_SWIFT_STANDARD_LIBRARIES = YES;
				BUNDLE_LOADER = "$(TEST_HOST)";
				CODE_SIGN_STYLE = Automatic;
				CURRENT_PROJECT_VERSION = 1;
				DEVELOPMENT_TEAM = 8F2HEPF2DN;
				GENERATE_INFOPLIST_FILE = YES;
				IPHONEOS_DEPLOYMENT_TARGET = 16.0;
				MARKETING_VERSION = 1.0;
				PRODUCT_BUNDLE_IDENTIFIER = "swift-beacon-ios.beacon-iosTests";
				PRODUCT_NAME = "$(TARGET_NAME)";
				SWIFT_EMIT_LOC_STRINGS = NO;
				SWIFT_VERSION = 5.0;
				TARGETED_DEVICE_FAMILY = "1,2";
				TEST_HOST = "$(BUILT_PRODUCTS_DIR)/beacon_ios.app/$(BUNDLE_EXECUTABLE_FOLDER_PATH)/beacon_ios";
			};
			name = Release;
		};
		CDA4ADFF2909915200E66B09 /* Debug */ = {
			isa = XCBuildConfiguration;
			buildSettings = {
				ALWAYS_EMBED_SWIFT_STANDARD_LIBRARIES = YES;
				CODE_SIGN_STYLE = Automatic;
				CURRENT_PROJECT_VERSION = 1;
				DEVELOPMENT_TEAM = 8F2HEPF2DN;
				GENERATE_INFOPLIST_FILE = YES;
				MARKETING_VERSION = 1.0;
				PRODUCT_BUNDLE_IDENTIFIER = "swift-beacon-ios.beacon-iosUITests";
				PRODUCT_NAME = "$(TARGET_NAME)";
				SWIFT_EMIT_LOC_STRINGS = NO;
				SWIFT_VERSION = 5.0;
				TARGETED_DEVICE_FAMILY = "1,2";
				TEST_TARGET_NAME = beacon_ios;
			};
			name = Debug;
		};
		CDA4AE002909915200E66B09 /* Release */ = {
			isa = XCBuildConfiguration;
			buildSettings = {
				ALWAYS_EMBED_SWIFT_STANDARD_LIBRARIES = YES;
				CODE_SIGN_STYLE = Automatic;
				CURRENT_PROJECT_VERSION = 1;
				DEVELOPMENT_TEAM = 8F2HEPF2DN;
				GENERATE_INFOPLIST_FILE = YES;
				MARKETING_VERSION = 1.0;
				PRODUCT_BUNDLE_IDENTIFIER = "swift-beacon-ios.beacon-iosUITests";
				PRODUCT_NAME = "$(TARGET_NAME)";
				SWIFT_EMIT_LOC_STRINGS = NO;
				SWIFT_VERSION = 5.0;
				TARGETED_DEVICE_FAMILY = "1,2";
				TEST_TARGET_NAME = beacon_ios;
			};
			name = Release;
		};
/* End XCBuildConfiguration section */

/* Begin XCConfigurationList section */
		CDA4ADC92909915100E66B09 /* Build configuration list for PBXProject "beacon_ios" */ = {
			isa = XCConfigurationList;
			buildConfigurations = (
				CDA4ADF62909915200E66B09 /* Debug */,
				CDA4ADF72909915200E66B09 /* Release */,
			);
			defaultConfigurationIsVisible = 0;
			defaultConfigurationName = Release;
		};
		CDA4ADF82909915200E66B09 /* Build configuration list for PBXNativeTarget "beacon_ios" */ = {
			isa = XCConfigurationList;
			buildConfigurations = (
				CDA4ADF92909915200E66B09 /* Debug */,
				CDA4ADFA2909915200E66B09 /* Release */,
			);
			defaultConfigurationIsVisible = 0;
			defaultConfigurationName = Release;
		};
		CDA4ADFB2909915200E66B09 /* Build configuration list for PBXNativeTarget "beacon_iosTests" */ = {
			isa = XCConfigurationList;
			buildConfigurations = (
				CDA4ADFC2909915200E66B09 /* Debug */,
				CDA4ADFD2909915200E66B09 /* Release */,
			);
			defaultConfigurationIsVisible = 0;
			defaultConfigurationName = Release;
		};
		CDA4ADFE2909915200E66B09 /* Build configuration list for PBXNativeTarget "beacon_iosUITests" */ = {
			isa = XCConfigurationList;
			buildConfigurations = (
				CDA4ADFF2909915200E66B09 /* Debug */,
				CDA4AE002909915200E66B09 /* Release */,
			);
			defaultConfigurationIsVisible = 0;
			defaultConfigurationName = Release;
		};
/* End XCConfigurationList section */
	};
	rootObject = CDA4ADC62909915100E66B09 /* Project object */;
}
